
Microsoft Visual Studio Solution File, Format Version 12.00
# Visual Studio Version 16
VisualStudioVersion = 16.0.30804.86
MinimumVisualStudioVersion = 10.0.40219.1
Project("{FAE04EC0-301F-11D3-BF4B-00C04F79EFBC}") = "calisma", "calisma\calisma.csproj", "{44B6A33D-0569-4DDE-B80C-78E78318C099}"
EndProject
Global
	GlobalSection(SolutionConfigurationPlatforms) = preSolution
		Debug|Any CPU = Debug|Any CPU
		Release|Any CPU = Release|Any CPU
	EndGlobalSection
	GlobalSection(ProjectConfigurationPlatforms) = postSolution
		{44B6A33D-0569-4DDE-B80C-78E78318C099}.Debug|Any CPU.ActiveCfg = Debug|Any CPU
		{44B6A33D-0569-4DDE-B80C-78E78318C099}.Debug|Any CPU.Build.0 = Debug|Any CPU
		{44B6A33D-0569-4DDE-B80C-78E78318C099}.Release|Any CPU.ActiveCfg = Release|Any CPU
		{44B6A33D-0569-4DDE-B80C-78E78318C099}.Release|Any CPU.Build.0 = Release|Any CPU
	EndGlobalSection
	GlobalSection(SolutionProperties) = preSolution
		HideSolutionNode = FALSE
	EndGlobalSection
	GlobalSection(ExtensibilityGlobals) = postSolution
		SolutionGuid = {B25DFF7B-AD24-4D77-B9D3-67FBE7D31AA4}
	EndGlobalSection
EndGlobal
